
Microsoft Visual Studio Solution File, Format Version 12.00
# Visual Studio Version 17
VisualStudioVersion = 17.12.35707.178
MinimumVisualStudioVersion = 10.0.40219.1
Project("{FAE04EC0-301F-11D3-BF4B-00C04F79EFBC}") = "Programs", "Programs\Programs.csproj", "{65539703-2058-4EFF-827C-85BC90F3AEB9}"
EndProject
Project("{FAE04EC0-301F-11D3-BF4B-00C04F79EFBC}") = "PracticeQuestions", "Practice\PracticeQuestions.csproj", "{227C495A-AAF0-4AF5-A4D8-B54E2B16F417}"
EndProject
Project("{FAE04EC0-301F-11D3-BF4B-00C04F79EFBC}") = "PracticeSomeProgram", "PracticeSomeProgram\PracticeSomeProgram.csproj", "{EB9B6FB2-9B82-43E5-A751-B3BF6BD68BD5}"
EndProject
Project("{FAE04EC0-301F-11D3-BF4B-00C04F79EFBC}") = "OopsConcepts", "OopsConcepts\OopsConcepts.csproj", "{2C58E037-D2FF-497A-97BC-7F24FAAC85F9}"
EndProject
Project("{FAE04EC0-301F-11D3-BF4B-00C04F79EFBC}") = "ReviewProblems", "ReviewProblems\ReviewProblems.csproj", "{D8FED88E-D0AC-4620-BF57-885EEC6AF384}"
EndProject
Project("{FAE04EC0-301F-11D3-BF4B-00C04F79EFBC}") = "CollectionsAndGeneric", "CollectionsAndGeneric\CollectionsAndGeneric.csproj", "{7CBC4A67-0156-44C2-B8DA-EBC7C04D5823}"
EndProject
Project("{FAE04EC0-301F-11D3-BF4B-00C04F79EFBC}") = "GenericAndNon-GenericCollections", "GenericAndNon-GenericCollections\GenericAndNon-GenericCollections.csproj", "{5FB1E0EB-4750-4E87-89F4-40745EC8F884}"
EndProject
Project("{FAE04EC0-301F-11D3-BF4B-00C04F79EFBC}") = "PracticeConcept", "PracticeConcept\PracticeConcept.csproj", "{B6961408-3EB2-41F1-B80F-7C3EC635573F}"
EndProject
Project("{FAE04EC0-301F-11D3-BF4B-00C04F79EFBC}") = "Testing", "Testing\Testing.csproj", "{F25F6D1C-22EC-4411-BCD6-7B2EA5BBA615}"
EndProject
Project("{FAE04EC0-301F-11D3-BF4B-00C04F79EFBC}") = "NUnitForTesting", "NUnitForTesting\NUnitForTesting.csproj", "{D52DCD46-A8D6-4516-93A7-53407821B9C3}"
EndProject
Project("{FAE04EC0-301F-11D3-BF4B-00C04F79EFBC}") = "MSUnitForTesting", "MSUnitForTesting\MSUnitForTesting.csproj", "{1191EC18-3AC1-425D-838F-01276522BB22}"
EndProject
Global
	GlobalSection(SolutionConfigurationPlatforms) = preSolution
		Debug|Any CPU = Debug|Any CPU
		Release|Any CPU = Release|Any CPU
	EndGlobalSection
	GlobalSection(ProjectConfigurationPlatforms) = postSolution
		{65539703-2058-4EFF-827C-85BC90F3AEB9}.Debug|Any CPU.ActiveCfg = Debug|Any CPU
		{65539703-2058-4EFF-827C-85BC90F3AEB9}.Debug|Any CPU.Build.0 = Debug|Any CPU
		{65539703-2058-4EFF-827C-85BC90F3AEB9}.Release|Any CPU.ActiveCfg = Release|Any CPU
		{65539703-2058-4EFF-827C-85BC90F3AEB9}.Release|Any CPU.Build.0 = Release|Any CPU
		{227C495A-AAF0-4AF5-A4D8-B54E2B16F417}.Debug|Any CPU.ActiveCfg = Debug|Any CPU
		{227C495A-AAF0-4AF5-A4D8-B54E2B16F417}.Debug|Any CPU.Build.0 = Debug|Any CPU
		{227C495A-AAF0-4AF5-A4D8-B54E2B16F417}.Release|Any CPU.ActiveCfg = Release|Any CPU
		{227C495A-AAF0-4AF5-A4D8-B54E2B16F417}.Release|Any CPU.Build.0 = Release|Any CPU
		{EB9B6FB2-9B82-43E5-A751-B3BF6BD68BD5}.Debug|Any CPU.ActiveCfg = Debug|Any CPU
		{EB9B6FB2-9B82-43E5-A751-B3BF6BD68BD5}.Debug|Any CPU.Build.0 = Debug|Any CPU
		{EB9B6FB2-9B82-43E5-A751-B3BF6BD68BD5}.Release|Any CPU.ActiveCfg = Release|Any CPU
		{EB9B6FB2-9B82-43E5-A751-B3BF6BD68BD5}.Release|Any CPU.Build.0 = Release|Any CPU
		{2C58E037-D2FF-497A-97BC-7F24FAAC85F9}.Debug|Any CPU.ActiveCfg = Debug|Any CPU
		{2C58E037-D2FF-497A-97BC-7F24FAAC85F9}.Debug|Any CPU.Build.0 = Debug|Any CPU
		{2C58E037-D2FF-497A-97BC-7F24FAAC85F9}.Release|Any CPU.ActiveCfg = Release|Any CPU
		{2C58E037-D2FF-497A-97BC-7F24FAAC85F9}.Release|Any CPU.Build.0 = Release|Any CPU
		{D8FED88E-D0AC-4620-BF57-885EEC6AF384}.Debug|Any CPU.ActiveCfg = Debug|Any CPU
		{D8FED88E-D0AC-4620-BF57-885EEC6AF384}.Debug|Any CPU.Build.0 = Debug|Any CPU
		{D8FED88E-D0AC-4620-BF57-885EEC6AF384}.Release|Any CPU.ActiveCfg = Release|Any CPU
		{D8FED88E-D0AC-4620-BF57-885EEC6AF384}.Release|Any CPU.Build.0 = Release|Any CPU
		{7CBC4A67-0156-44C2-B8DA-EBC7C04D5823}.Debug|Any CPU.ActiveCfg = Debug|Any CPU
		{7CBC4A67-0156-44C2-B8DA-EBC7C04D5823}.Debug|Any CPU.Build.0 = Debug|Any CPU
		{7CBC4A67-0156-44C2-B8DA-EBC7C04D5823}.Release|Any CPU.ActiveCfg = Release|Any CPU
		{7CBC4A67-0156-44C2-B8DA-EBC7C04D5823}.Release|Any CPU.Build.0 = Release|Any CPU
		{5FB1E0EB-4750-4E87-89F4-40745EC8F884}.Debug|Any CPU.ActiveCfg = Debug|Any CPU
		{5FB1E0EB-4750-4E87-89F4-40745EC8F884}.Debug|Any CPU.Build.0 = Debug|Any CPU
		{5FB1E0EB-4750-4E87-89F4-40745EC8F884}.Release|Any CPU.ActiveCfg = Release|Any CPU
		{5FB1E0EB-4750-4E87-89F4-40745EC8F884}.Release|Any CPU.Build.0 = Release|Any CPU
		{B6961408-3EB2-41F1-B80F-7C3EC635573F}.Debug|Any CPU.ActiveCfg = Debug|Any CPU
		{B6961408-3EB2-41F1-B80F-7C3EC635573F}.Debug|Any CPU.Build.0 = Debug|Any CPU
		{B6961408-3EB2-41F1-B80F-7C3EC635573F}.Release|Any CPU.ActiveCfg = Release|Any CPU
		{B6961408-3EB2-41F1-B80F-7C3EC635573F}.Release|Any CPU.Build.0 = Release|Any CPU
		{F25F6D1C-22EC-4411-BCD6-7B2EA5BBA615}.Debug|Any CPU.ActiveCfg = Debug|Any CPU
		{F25F6D1C-22EC-4411-BCD6-7B2EA5BBA615}.Debug|Any CPU.Build.0 = Debug|Any CPU
		{F25F6D1C-22EC-4411-BCD6-7B2EA5BBA615}.Release|Any CPU.ActiveCfg = Release|Any CPU
		{F25F6D1C-22EC-4411-BCD6-7B2EA5BBA615}.Release|Any CPU.Build.0 = Release|Any CPU
		{D52DCD46-A8D6-4516-93A7-53407821B9C3}.Debug|Any CPU.ActiveCfg = Debug|Any CPU
		{D52DCD46-A8D6-4516-93A7-53407821B9C3}.Debug|Any CPU.Build.0 = Debug|Any CPU
		{D52DCD46-A8D6-4516-93A7-53407821B9C3}.Release|Any CPU.ActiveCfg = Release|Any CPU
		{D52DCD46-A8D6-4516-93A7-53407821B9C3}.Release|Any CPU.Build.0 = Release|Any CPU
		{1191EC18-3AC1-425D-838F-01276522BB22}.Debug|Any CPU.ActiveCfg = Debug|Any CPU
		{1191EC18-3AC1-425D-838F-01276522BB22}.Debug|Any CPU.Build.0 = Debug|Any CPU
		{1191EC18-3AC1-425D-838F-01276522BB22}.Release|Any CPU.ActiveCfg = Release|Any CPU
		{1191EC18-3AC1-425D-838F-01276522BB22}.Release|Any CPU.Build.0 = Release|Any CPU
	EndGlobalSection
	GlobalSection(SolutionProperties) = preSolution
		HideSolutionNode = FALSE
	EndGlobalSection
EndGlobal
